
Microsoft Visual Studio Solution File, Format Version 12.00
# Visual Studio 15
Project("{FAE04EC0-301F-11D3-BF4B-00C04F79EFBC}") = "Unity.RenderPipelines.Core.Samples.Editor", "Unity.RenderPipelines.Core.Samples.Editor.csproj", "{99F91493-9CA1-29BA-DF4C-2F922F13BD63}"
EndProject
Project("{FAE04EC0-301F-11D3-BF4B-00C04F79EFBC}") = "Assembly-CSharp", "Assembly-CSharp.csproj", "{F24ACD86-373C-C9F1-50B4-6A343C2AF917}"
EndProject
Project("{FAE04EC0-301F-11D3-BF4B-00C04F79EFBC}") = "GoogleMobileAds.Editor", "GoogleMobileAds.Editor.csproj", "{F644E1A2-B16F-B1E2-7469-3FE58467BED4}"
EndProject
Project("{FAE04EC0-301F-11D3-BF4B-00C04F79EFBC}") = "Assembly-CSharp-Editor", "Assembly-CSharp-Editor.csproj", "{BA649961-DDCF-258B-C4FB-9899BFEC6C0E}"
EndProject
Project("{FAE04EC0-301F-11D3-BF4B-00C04F79EFBC}") = "Unity.RenderPipelines.Core.Samples.Runtime", "Unity.RenderPipelines.Core.Samples.Runtime.csproj", "{A0E02F9E-8392-2900-8FBB-A8FB0384436F}"
EndProject
Global
	GlobalSection(SolutionConfigurationPlatforms) = preSolution
		Debug|Any CPU = Debug|Any CPU
		Release|Any CPU = Release|Any CPU
	EndGlobalSection
	GlobalSection(ProjectConfigurationPlatforms) = postSolution
		{99F91493-9CA1-29BA-DF4C-2F922F13BD63}.Debug|Any CPU.ActiveCfg = Debug|Any CPU
		{99F91493-9CA1-29BA-DF4C-2F922F13BD63}.Debug|Any CPU.Build.0 = Debug|Any CPU
		{99F91493-9CA1-29BA-DF4C-2F922F13BD63}.Release|Any CPU.ActiveCfg = Release|Any CPU
		{99F91493-9CA1-29BA-DF4C-2F922F13BD63}.Release|Any CPU.Build.0 = Release|Any CPU
		{F24ACD86-373C-C9F1-50B4-6A343C2AF917}.Debug|Any CPU.ActiveCfg = Debug|Any CPU
		{F24ACD86-373C-C9F1-50B4-6A343C2AF917}.Debug|Any CPU.Build.0 = Debug|Any CPU
		{F24ACD86-373C-C9F1-50B4-6A343C2AF917}.Release|Any CPU.ActiveCfg = Release|Any CPU
		{F24ACD86-373C-C9F1-50B4-6A343C2AF917}.Release|Any CPU.Build.0 = Release|Any CPU
		{F644E1A2-B16F-B1E2-7469-3FE58467BED4}.Debug|Any CPU.ActiveCfg = Debug|Any CPU
		{F644E1A2-B16F-B1E2-7469-3FE58467BED4}.Debug|Any CPU.Build.0 = Debug|Any CPU
		{F644E1A2-B16F-B1E2-7469-3FE58467BED4}.Release|Any CPU.ActiveCfg = Release|Any CPU
		{F644E1A2-B16F-B1E2-7469-3FE58467BED4}.Release|Any CPU.Build.0 = Release|Any CPU
		{BA649961-DDCF-258B-C4FB-9899BFEC6C0E}.Debug|Any CPU.ActiveCfg = Debug|Any CPU
		{BA649961-DDCF-258B-C4FB-9899BFEC6C0E}.Debug|Any CPU.Build.0 = Debug|Any CPU
		{BA649961-DDCF-258B-C4FB-9899BFEC6C0E}.Release|Any CPU.ActiveCfg = Release|Any CPU
		{BA649961-DDCF-258B-C4FB-9899BFEC6C0E}.Release|Any CPU.Build.0 = Release|Any CPU
		{A0E02F9E-8392-2900-8FBB-A8FB0384436F}.Debug|Any CPU.ActiveCfg = Debug|Any CPU
		{A0E02F9E-8392-2900-8FBB-A8FB0384436F}.Debug|Any CPU.Build.0 = Debug|Any CPU
		{A0E02F9E-8392-2900-8FBB-A8FB0384436F}.Release|Any CPU.ActiveCfg = Release|Any CPU
		{A0E02F9E-8392-2900-8FBB-A8FB0384436F}.Release|Any CPU.Build.0 = Release|Any CPU
	EndGlobalSection
	GlobalSection(SolutionProperties) = preSolution
		HideSolutionNode = FALSE
	EndGlobalSection
EndGlobal
